
Microsoft Visual Studio Solution File, Format Version 12.00
# Visual Studio Version 17
VisualStudioVersion = 17.13.35931.197 d17.13
MinimumVisualStudioVersion = 10.0.40219.1
Project("{FAE04EC0-301F-11D3-BF4B-00C04F79EFBC}") = "TicketingApp", "TicketingApp\TicketingApp.csproj", "{DEA04D9B-8BDF-49D4-948E-91019E782903}"
EndProject
Global
	GlobalSection(SolutionConfigurationPlatforms) = preSolution
		Debug|Any CPU = Debug|Any CPU
		Release|Any CPU = Release|Any CPU
	EndGlobalSection
	GlobalSection(ProjectConfigurationPlatforms) = postSolution
		{DEA04D9B-8BDF-49D4-948E-91019E782903}.Debug|Any CPU.ActiveCfg = Debug|Any CPU
		{DEA04D9B-8BDF-49D4-948E-91019E782903}.Debug|Any CPU.Build.0 = Debug|Any CPU
		{DEA04D9B-8BDF-49D4-948E-91019E782903}.Release|Any CPU.ActiveCfg = Release|Any CPU
		{DEA04D9B-8BDF-49D4-948E-91019E782903}.Release|Any CPU.Build.0 = Release|Any CPU
	EndGlobalSection
	GlobalSection(SolutionProperties) = preSolution
		HideSolutionNode = FALSE
	EndGlobalSection
	GlobalSection(ExtensibilityGlobals) = postSolution
		SolutionGuid = {51E55193-3379-497A-8C21-7F929B972FC6}
	EndGlobalSection
EndGlobal
